// !$*UTF8*$!
{
	archiveVersion = 1;
	classes = {
	};
	objectVersion = 77;
	objects = {

/* Begin PBXBuildFile section */
		04B0827EADE35D42ED048464 /* ListeningPanelContent.swift in Sources */ = {isa = PBXBuildFile; fileRef = 05C651072C8CAB26C8DF1153 /* ListeningPanelContent.swift */; };
		2097368BABB3CE2C84657766 /* VoiceGlowSwift in Frameworks */ = {isa = PBXBuildFile; productRef = 99FA9D6FAAC0D0275918B1EB /* VoiceGlowSwift */; };
		85F90E39D59A0C3E7A87836C /* SettingsView.swift in Sources */ = {isa = PBXBuildFile; fileRef = 892B3DB5C812AC12CE23B713 /* SettingsView.swift */; };
		ABB5675958EC76C63BDF1BEF /* DemoView.swift in Sources */ = {isa = PBXBuildFile; fileRef = 27948512DF2A39D21CD1544A /* DemoView.swift */; };
		E457DA2DE8D92D33FBDF05C3 /* VoiceGlowDemoApp.swift in Sources */ = {isa = PBXBuildFile; fileRef = 4E61C4C9117CAEE32E9A0FC0 /* VoiceGlowDemoApp.swift */; };
/* End PBXBuildFile section */

/* Begin PBXFileReference section */
		05C651072C8CAB26C8DF1153 /* ListeningPanelContent.swift */ = {isa = PBXFileReference; lastKnownFileType = sourcecode.swift; path = ListeningPanelContent.swift; sourceTree = "<group>"; };
		27948512DF2A39D21CD1544A /* DemoView.swift */ = {isa = PBXFileReference; lastKnownFileType = sourcecode.swift; path = DemoView.swift; sourceTree = "<group>"; };
		4E61C4C9117CAEE32E9A0FC0 /* VoiceGlowDemoApp.swift */ = {isa = PBXFileReference; lastKnownFileType = sourcecode.swift; path = VoiceGlowDemoApp.swift; sourceTree = "<group>"; };
		5FF72F0A730ECA5B83327B3C /* voice-glow */ = {isa = PBXFileReference; lastKnownFileType = folder; name = "voice-glow"; path = ..; sourceTree = SOURCE_ROOT; };
		892B3DB5C812AC12CE23B713 /* SettingsView.swift */ = {isa = PBXFileReference; lastKnownFileType = sourcecode.swift; path = SettingsView.swift; sourceTree = "<group>"; };
		C8084C6D9BF48646347A9A39 /* VoiceGlowDemo.app */ = {isa = PBXFileReference; includeInIndex = 0; lastKnownFileType = wrapper.application; path = VoiceGlowDemo.app; sourceTree = BUILT_PRODUCTS_DIR; };
/* End PBXFileReference section */

/* Begin PBXFrameworksBuildPhase section */
		B93C320EA65E2745088AAF3B /* Frameworks */ = {
			isa = PBXFrameworksBuildPhase;
			buildActionMask = 2147483647;
			files = (
				2097368BABB3CE2C84657766 /* VoiceGlowSwift in Frameworks */,
			);
			runOnlyForDeploymentPostprocessing = 0;
		};
/* End PBXFrameworksBuildPhase section */

/* Begin PBXGroup section */
		31EBE18A55F5D66F476943B0 /* Packages */ = {
			isa = PBXGroup;
			children = (
				5FF72F0A730ECA5B83327B3C /* voice-glow */,
			);
			name = Packages;
			sourceTree = "<group>";
		};
		721427322732CC79A3702FCC = {
			isa = PBXGroup;
			children = (
				31EBE18A55F5D66F476943B0 /* Packages */,
				80F770C50C4E78B3738458C6 /* Sources */,
				8C90DF6685B8B0D034B2639D /* Products */,
			);
			sourceTree = "<group>";
		};
		80F770C50C4E78B3738458C6 /* Sources */ = {
			isa = PBXGroup;
			children = (
				27948512DF2A39D21CD1544A /* DemoView.swift */,
				05C651072C8CAB26C8DF1153 /* ListeningPanelContent.swift */,
				892B3DB5C812AC12CE23B713 /* SettingsView.swift */,
				4E61C4C9117CAEE32E9A0FC0 /* VoiceGlowDemoApp.swift */,
			);
			path = Sources;
			sourceTree = "<group>";
		};
		8C90DF6685B8B0D034B2639D /* Products */ = {
			isa = PBXGroup;
			children = (
				C8084C6D9BF48646347A9A39 /* VoiceGlowDemo.app */,
			);
			name = Products;
			sourceTree = "<group>";
		};
/* End PBXGroup section */

/* Begin PBXNativeTarget section */
		A2054259C6BCA4C934E99CDF /* VoiceGlowDemo */ = {
			isa = PBXNativeTarget;
			buildConfigurationList = 5F3632A55085EDD749D49089 /* Build configuration list for PBXNativeTarget "VoiceGlowDemo" */;
			buildPhases = (
				1AC99F01B5049461564B7A06 /* Sources */,
				B93C320EA65E2745088AAF3B /* Frameworks */,
			);
			buildRules = (
			);
			dependencies = (
			);
			name = VoiceGlowDemo;
			packageProductDependencies = (
				99FA9D6FAAC0D0275918B1EB /* VoiceGlowSwift */,
			);
			productName = VoiceGlowDemo;
			productReference = C8084C6D9BF48646347A9A39 /* VoiceGlowDemo.app */;
			productType = "com.apple.product-type.application";
		};
/* End PBXNativeTarget section */

/* Begin PBXProject section */
		A17A6BC716721399C85F69EF /* Project object */ = {
			isa = PBXProject;
			attributes = {
				BuildIndependentTargetsInParallel = YES;
				LastUpgradeCheck = 1430;
				TargetAttributes = {
					A2054259C6BCA4C934E99CDF = {
						ProvisioningStyle = Automatic;
					};
				};
			};
			buildConfigurationList = 9AF7F9F791E9BBD0E90A2986 /* Build configuration list for PBXProject "VoiceGlowDemo" */;
			developmentRegion = en;
			hasScannedForEncodings = 0;
			knownRegions = (
				Base,
				en,
			);
			mainGroup = 721427322732CC79A3702FCC;
			minimizedProjectReferenceProxies = 1;
			packageReferences = (
				9D84958EEF5970B5FCBA56BB /* XCLocalSwiftPackageReference ".." */,
			);
			preferredProjectObjectVersion = 77;
			productRefGroup = 8C90DF6685B8B0D034B2639D /* Products */;
			projectDirPath = "";
			projectRoot = "";
			targets = (
				A2054259C6BCA4C934E99CDF /* VoiceGlowDemo */,
			);
		};
/* End PBXProject section */

/* Begin PBXSourcesBuildPhase section */
		1AC99F01B5049461564B7A06 /* Sources */ = {
			isa = PBXSourcesBuildPhase;
			buildActionMask = 2147483647;
			files = (
				ABB5675958EC76C63BDF1BEF /* DemoView.swift in Sources */,
				04B0827EADE35D42ED048464 /* ListeningPanelContent.swift in Sources */,
				85F90E39D59A0C3E7A87836C /* SettingsView.swift in Sources */,
				E457DA2DE8D92D33FBDF05C3 /* VoiceGlowDemoApp.swift in Sources */,
			);
			runOnlyForDeploymentPostprocessing = 0;
		};
/* End PBXSourcesBuildPhase section */

/* Begin XCBuildConfiguration section */
		28837F9A31002A9760993140 /* Debug */ = {
			isa = XCBuildConfiguration;
			buildSettings = {
				ALWAYS_SEARCH_USER_PATHS = NO;
				CLANG_ANALYZER_NONNULL = YES;
				CLANG_ANALYZER_NUMBER_OBJECT_CONVERSION = YES_AGGRESSIVE;
				CLANG_CXX_LANGUAGE_STANDARD = "gnu++14";
				CLANG_CXX_LIBRARY = "libc++";
				CLANG_ENABLE_MODULES = YES;
				CLANG_ENABLE_OBJC_ARC = YES;
				CLANG_ENABLE_OBJC_WEAK = YES;
				CLANG_WARN_BLOCK_CAPTURE_AUTORELEASING = YES;
				CLANG_WARN_BOOL_CONVERSION = YES;
				CLANG_WARN_COMMA = YES;
				CLANG_WARN_CONSTANT_CONVERSION = YES;
				CLANG_WARN_DEPRECATED_OBJC_IMPLEMENTATIONS = YES;
				CLANG_WARN_DIRECT_OBJC_ISA_USAGE = YES_ERROR;
				CLANG_WARN_DOCUMENTATION_COMMENTS = YES;
				CLANG_WARN_EMPTY_BODY = YES;
				CLANG_WARN_ENUM_CONVERSION = YES;
				CLANG_WARN_INFINITE_RECURSION = YES;
				CLANG_WARN_INT_CONVERSION = YES;
				CLANG_WARN_NON_LITERAL_NULL_CONVERSION = YES;
				CLANG_WARN_OBJC_IMPLICIT_RETAIN_SELF = YES;
				CLANG_WARN_OBJC_LITERAL_CONVERSION = YES;
				CLANG_WARN_OBJC_ROOT_CLASS = YES_ERROR;
				CLANG_WARN_QUOTED_INCLUDE_IN_FRAMEWORK_HEADER = YES;
				CLANG_WARN_RANGE_LOOP_ANALYSIS = YES;
				CLANG_WARN_STRICT_PROTOTYPES = YES;
				CLANG_WARN_SUSPICIOUS_MOVE = YES;
				CLANG_WARN_UNGUARDED_AVAILABILITY = YES_AGGRESSIVE;
				CLANG_WARN_UNREACHABLE_CODE = YES;
				CLANG_WARN__DUPLICATE_METHOD_MATCH = YES;
				COPY_PHASE_STRIP = NO;
				DEBUG_INFORMATION_FORMAT = dwarf;
				ENABLE_STRICT_OBJC_MSGSEND = YES;
				ENABLE_TESTABILITY = YES;
				GCC_C_LANGUAGE_STANDARD = gnu11;
				GCC_DYNAMIC_NO_PIC = NO;
				GCC_NO_COMMON_BLOCKS = YES;
				GCC_OPTIMIZATION_LEVEL = 0;
				GCC_PREPROCESSOR_DEFINITIONS = (
					"$(inherited)",
					"DEBUG=1",
				);
				GCC_WARN_64_TO_32_BIT_CONVERSION = YES;
				GCC_WARN_ABOUT_RETURN_TYPE = YES_ERROR;
				GCC_WARN_UNDECLARED_SELECTOR = YES;
				GCC_WARN_UNINITIALIZED_AUTOS = YES_AGGRESSIVE;
				GCC_WARN_UNUSED_FUNCTION = YES;
				GCC_WARN_UNUSED_VARIABLE = YES;
				IPHONEOS_DEPLOYMENT_TARGET = 26.0;
				MTL_ENABLE_DEBUG_INFO = INCLUDE_SOURCE;
				MTL_FAST_MATH = YES;
				ONLY_ACTIVE_ARCH = YES;
				PRODUCT_NAME = "$(TARGET_NAME)";
				SDKROOT = iphoneos;
				SWIFT_ACTIVE_COMPILATION_CONDITIONS = DEBUG;
				SWIFT_OPTIMIZATION_LEVEL = "-Onone";
				SWIFT_VERSION = 5.0;
			};
			name = Debug;
		};
		897C9FAD8E3EFC36799E6B19 /* Release */ = {
			isa = XCBuildConfiguration;
			buildSettings = {
				ASSETCATALOG_COMPILER_APPICON_NAME = AppIcon;
				CODE_SIGN_IDENTITY = "iPhone Developer";
				CODE_SIGN_STYLE = Automatic;
				GENERATE_INFOPLIST_FILE = YES;
				INFOPLIST_KEY_UIApplicationSceneManifest_Generation = YES;
				INFOPLIST_KEY_UIApplicationSupportsIndirectInputEvents = YES;
				LD_RUNPATH_SEARCH_PATHS = (
					"$(inherited)",
					"@executable_path/Frameworks",
				);
				PRODUCT_BUNDLE_IDENTIFIER = dev.codex.VoiceGlowDemo;
				SDKROOT = iphoneos;
				SWIFT_VERSION = 6.0;
				TARGETED_DEVICE_FAMILY = "1,2";
			};
			name = Release;
		};
		8EAF431ADA023B9FE21D27CD /* Debug */ = {
			isa = XCBuildConfiguration;
			buildSettings = {
				ASSETCATALOG_COMPILER_APPICON_NAME = AppIcon;
				CODE_SIGN_IDENTITY = "iPhone Developer";
				CODE_SIGN_STYLE = Automatic;
				GENERATE_INFOPLIST_FILE = YES;
				INFOPLIST_KEY_UIApplicationSceneManifest_Generation = YES;
				INFOPLIST_KEY_UIApplicationSupportsIndirectInputEvents = YES;
				LD_RUNPATH_SEARCH_PATHS = (
					"$(inherited)",
					"@executable_path/Frameworks",
				);
				PRODUCT_BUNDLE_IDENTIFIER = dev.codex.VoiceGlowDemo;
				SDKROOT = iphoneos;
				SWIFT_VERSION = 6.0;
				TARGETED_DEVICE_FAMILY = "1,2";
			};
			name = Debug;
		};
		E77C31E3EE2ACD92EF7D6D06 /* Release */ = {
			isa = XCBuildConfiguration;
			buildSettings = {
				ALWAYS_SEARCH_USER_PATHS = NO;
				CLANG_ANALYZER_NONNULL = YES;
				CLANG_ANALYZER_NUMBER_OBJECT_CONVERSION = YES_AGGRESSIVE;
				CLANG_CXX_LANGUAGE_STANDARD = "gnu++14";
				CLANG_CXX_LIBRARY = "libc++";
				CLANG_ENABLE_MODULES = YES;
				CLANG_ENABLE_OBJC_ARC = YES;
				CLANG_ENABLE_OBJC_WEAK = YES;
				CLANG_WARN_BLOCK_CAPTURE_AUTORELEASING = YES;
				CLANG_WARN_BOOL_CONVERSION = YES;
				CLANG_WARN_COMMA = YES;
				CLANG_WARN_CONSTANT_CONVERSION = YES;
				CLANG_WARN_DEPRECATED_OBJC_IMPLEMENTATIONS = YES;
				CLANG_WARN_DIRECT_OBJC_ISA_USAGE = YES_ERROR;
				CLANG_WARN_DOCUMENTATION_COMMENTS = YES;
				CLANG_WARN_EMPTY_BODY = YES;
				CLANG_WARN_ENUM_CONVERSION = YES;
				CLANG_WARN_INFINITE_RECURSION = YES;
				CLANG_WARN_INT_CONVERSION = YES;
				CLANG_WARN_NON_LITERAL_NULL_CONVERSION = YES;
				CLANG_WARN_OBJC_IMPLICIT_RETAIN_SELF = YES;
				CLANG_WARN_OBJC_LITERAL_CONVERSION = YES;
				CLANG_WARN_OBJC_ROOT_CLASS = YES_ERROR;
				CLANG_WARN_QUOTED_INCLUDE_IN_FRAMEWORK_HEADER = YES;
				CLANG_WARN_RANGE_LOOP_ANALYSIS = YES;
				CLANG_WARN_STRICT_PROTOTYPES = YES;
				CLANG_WARN_SUSPICIOUS_MOVE = YES;
				CLANG_WARN_UNGUARDED_AVAILABILITY = YES_AGGRESSIVE;
				CLANG_WARN_UNREACHABLE_CODE = YES;
				CLANG_WARN__DUPLICATE_METHOD_MATCH = YES;
				COPY_PHASE_STRIP = NO;
				DEBUG_INFORMATION_FORMAT = "dwarf-with-dsym";
				ENABLE_NS_ASSERTIONS = NO;
				ENABLE_STRICT_OBJC_MSGSEND = YES;
				GCC_C_LANGUAGE_STANDARD = gnu11;
				GCC_NO_COMMON_BLOCKS = YES;
				GCC_WARN_64_TO_32_BIT_CONVERSION = YES;
				GCC_WARN_ABOUT_RETURN_TYPE = YES_ERROR;
				GCC_WARN_UNDECLARED_SELECTOR = YES;
				GCC_WARN_UNINITIALIZED_AUTOS = YES_AGGRESSIVE;
				GCC_WARN_UNUSED_FUNCTION = YES;
				GCC_WARN_UNUSED_VARIABLE = YES;
				IPHONEOS_DEPLOYMENT_TARGET = 26.0;
				MTL_ENABLE_DEBUG_INFO = NO;
				MTL_FAST_MATH = YES;
				PRODUCT_NAME = "$(TARGET_NAME)";
				SDKROOT = iphoneos;
				SWIFT_COMPILATION_MODE = wholemodule;
				SWIFT_OPTIMIZATION_LEVEL = "-O";
				SWIFT_VERSION = 5.0;
			};
			name = Release;
		};
/* End XCBuildConfiguration section */

/* Begin XCConfigurationList section */
		5F3632A55085EDD749D49089 /* Build configuration list for PBXNativeTarget "VoiceGlowDemo" */ = {
			isa = XCConfigurationList;
			buildConfigurations = (
				8EAF431ADA023B9FE21D27CD /* Debug */,
				897C9FAD8E3EFC36799E6B19 /* Release */,
			);
			defaultConfigurationIsVisible = 0;
			defaultConfigurationName = Debug;
		};
		9AF7F9F791E9BBD0E90A2986 /* Build configuration list for PBXProject "VoiceGlowDemo" */ = {
			isa = XCConfigurationList;
			buildConfigurations = (
				28837F9A31002A9760993140 /* Debug */,
				E77C31E3EE2ACD92EF7D6D06 /* Release */,
			);
			defaultConfigurationIsVisible = 0;
			defaultConfigurationName = Debug;
		};
/* End XCConfigurationList section */

/* Begin XCLocalSwiftPackageReference section */
		9D84958EEF5970B5FCBA56BB /* XCLocalSwiftPackageReference ".." */ = {
			isa = XCLocalSwiftPackageReference;
			relativePath = ..;
		};
/* End XCLocalSwiftPackageReference section */

/* Begin XCSwiftPackageProductDependency section */
		99FA9D6FAAC0D0275918B1EB /* VoiceGlowSwift */ = {
			isa = XCSwiftPackageProductDependency;
			productName = VoiceGlowSwift;
		};
/* End XCSwiftPackageProductDependency section */
	};
	rootObject = A17A6BC716721399C85F69EF /* Project object */;
}
